
Microsoft Visual Studio Solution File, Format Version 12.00
# Visual Studio 15
VisualStudioVersion = 15.0.28010.2046
MinimumVisualStudioVersion = 10.0.40219.1
Project("{F184B08F-C81C-45F6-A57F-5ABD9991F28F}") = "2019 prerelease task 1", "2019 prerelease task 1\2019 prerelease task 1.vbproj", "{E66BE8DD-D0BE-4850-8747-59E6D2C5BD7C}"
EndProject
Global
	GlobalSection(SolutionConfigurationPlatforms) = preSolution
		Debug|Any CPU = Debug|Any CPU
		Release|Any CPU = Release|Any CPU
	EndGlobalSection
	GlobalSection(ProjectConfigurationPlatforms) = postSolution
		{E66BE8DD-D0BE-4850-8747-59E6D2C5BD7C}.Debug|Any CPU.ActiveCfg = Debug|Any CPU
		{E66BE8DD-D0BE-4850-8747-59E6D2C5BD7C}.Debug|Any CPU.Build.0 = Debug|Any CPU
		{E66BE8DD-D0BE-4850-8747-59E6D2C5BD7C}.Release|Any CPU.ActiveCfg = Release|Any CPU
		{E66BE8DD-D0BE-4850-8747-59E6D2C5BD7C}.Release|Any CPU.Build.0 = Release|Any CPU
	EndGlobalSection
	GlobalSection(SolutionProperties) = preSolution
		HideSolutionNode = FALSE
	EndGlobalSection
	GlobalSection(ExtensibilityGlobals) = postSolution
		SolutionGuid = {FAD1AB43-C143-4DF3-A563-4B47A70E80D3}
	EndGlobalSection
EndGlobal
